
Microsoft Visual Studio Solution File, Format Version 12.00
# Visual Studio Version 17
VisualStudioVersion = 17.12.35707.178
MinimumVisualStudioVersion = 10.0.40219.1
Project("{8BC9CEB8-8B4A-11D0-8D11-00A0C91BC942}") = "001_bmi", "001_bmi\001_bmi.vcxproj", "{8DEE2B49-4E41-49D0-85ED-49939EF0115C}"
EndProject
Project("{FAE04EC0-301F-11D3-BF4B-00C04F79EFBC}") = "002_bmiForm", "002_bmiForm\002_bmiForm.csproj", "{46AFC118-29C7-4F35-84D5-78E945B8534F}"
EndProject
Project("{FAE04EC0-301F-11D3-BF4B-00C04F79EFBC}") = "003_format", "003_format\003_format.csproj", "{B17A5D7E-E928-499C-B84C-2AF351378B48}"
EndProject
Project("{FAE04EC0-301F-11D3-BF4B-00C04F79EFBC}") = "004_format", "004_format\004_format.csproj", "{309E7F80-D918-4D0A-9884-F3B03230C9E0}"
EndProject
Project("{FAE04EC0-301F-11D3-BF4B-00C04F79EFBC}") = "005_login", "005_login\005_login.csproj", "{82F7D91E-6733-4FA8-A29C-06BF6F747ABF}"
EndProject
Project("{FAE04EC0-301F-11D3-BF4B-00C04F79EFBC}") = "011_scoreCalc", "011_scoreCalc\011_scoreCalc.csproj", "{13C46B2C-4B4D-429F-AD24-F0F3D65C44D7}"
EndProject
Project("{FAE04EC0-301F-11D3-BF4B-00C04F79EFBC}") = "012_GradeCalc", "012_GradeCalc\012_GradeCalc.csproj", "{E60103D1-3012-4202-A3DF-2F4F2C47FD07}"
EndProject
Project("{FAE04EC0-301F-11D3-BF4B-00C04F79EFBC}") = "013_Chart", "013_Chart\013_Chart.csproj", "{59B236CE-041C-46D6-88A6-9AAE7A7D9F27}"
EndProject
Project("{FAE04EC0-301F-11D3-BF4B-00C04F79EFBC}") = "014_TwoChart", "014_TwoChart\014_TwoChart.csproj", "{D5CBB194-1276-41F8-A2CE-9BF8590E794D}"
EndProject
Project("{FAE04EC0-301F-11D3-BF4B-00C04F79EFBC}") = "015_Graph", "015_Graph\015_Graph.csproj", "{CF997DB1-FB29-4054-9F5F-C3CB1B986FDE}"
EndProject
Project("{FAE04EC0-301F-11D3-BF4B-00C04F79EFBC}") = "016_수시1", "016_수시1\016_수시1.csproj", "{2ED8A83D-3B75-4A53-9E94-BAC59BC83492}"
EndProject
Project("{FAE04EC0-301F-11D3-BF4B-00C04F79EFBC}") = "017_Class1", "017_Class1\017_Class1.csproj", "{540A044F-C7D2-48AC-B0DA-78518DFE636A}"
EndProject
Project("{FAE04EC0-301F-11D3-BF4B-00C04F79EFBC}") = "018_property", "018_property\018_property.csproj", "{3195DDEC-3CDE-401F-B8A1-3319166FB88A}"
EndProject
Project("{FAE04EC0-301F-11D3-BF4B-00C04F79EFBC}") = "019_Rectangle", "019_Rectangle\019_Rectangle.csproj", "{C599DEF4-7471-4EB3-A1C8-DE3CB87D574B}"
EndProject
Project("{FAE04EC0-301F-11D3-BF4B-00C04F79EFBC}") = "020_Student", "020_Student\020_Student.csproj", "{39BD0594-8A59-422F-94E1-39912CC747C7}"
EndProject
Project("{FAE04EC0-301F-11D3-BF4B-00C04F79EFBC}") = "021_Circle", "021_Circle\021_Circle.csproj", "{70C93E37-EE87-4512-8213-3B91A5311339}"
EndProject
Project("{FAE04EC0-301F-11D3-BF4B-00C04F79EFBC}") = "022_Calculator", "022_Calculator\022_Calculator.csproj", "{20FBA267-FF9A-4599-B123-CEA8FE8BC0B5}"
EndProject
Project("{FAE04EC0-301F-11D3-BF4B-00C04F79EFBC}") = "023_RectangleP", "023_RectangleP\023_RectangleP.csproj", "{5BD7E626-0398-420F-B119-B13CA1C364EE}"
EndProject
Project("{FAE04EC0-301F-11D3-BF4B-00C04F79EFBC}") = "024_RectanglePF", "024_RectanglePF\024_RectanglePF.csproj", "{3A506AA6-3254-4011-B019-57591F7A9675}"
EndProject
Project("{FAE04EC0-301F-11D3-BF4B-00C04F79EFBC}") = "025_DClock", "025_DClock\025_DClock.csproj", "{9394E276-8300-42C1-885C-A5C011E4FB18}"
EndProject
Project("{FAE04EC0-301F-11D3-BF4B-00C04F79EFBC}") = "026_firebaseCRUD", "026_firebaseCRUD\026_firebaseCRUD.csproj", "{07D70DF6-511B-4B5A-8DB4-4E666A9D8E8F}"
EndProject
Global
	GlobalSection(SolutionConfigurationPlatforms) = preSolution
		Debug|Any CPU = Debug|Any CPU
		Debug|x64 = Debug|x64
		Debug|x86 = Debug|x86
		Release|Any CPU = Release|Any CPU
		Release|x64 = Release|x64
		Release|x86 = Release|x86
	EndGlobalSection
	GlobalSection(ProjectConfigurationPlatforms) = postSolution
		{8DEE2B49-4E41-49D0-85ED-49939EF0115C}.Debug|Any CPU.ActiveCfg = Debug|x64
		{8DEE2B49-4E41-49D0-85ED-49939EF0115C}.Debug|Any CPU.Build.0 = Debug|x64
		{8DEE2B49-4E41-49D0-85ED-49939EF0115C}.Debug|x64.ActiveCfg = Debug|x64
		{8DEE2B49-4E41-49D0-85ED-49939EF0115C}.Debug|x64.Build.0 = Debug|x64
		{8DEE2B49-4E41-49D0-85ED-49939EF0115C}.Debug|x86.ActiveCfg = Debug|Win32
		{8DEE2B49-4E41-49D0-85ED-49939EF0115C}.Debug|x86.Build.0 = Debug|Win32
		{8DEE2B49-4E41-49D0-85ED-49939EF0115C}.Release|Any CPU.ActiveCfg = Release|x64
		{8DEE2B49-4E41-49D0-85ED-49939EF0115C}.Release|Any CPU.Build.0 = Release|x64
		{8DEE2B49-4E41-49D0-85ED-49939EF0115C}.Release|x64.ActiveCfg = Release|x64
		{8DEE2B49-4E41-49D0-85ED-49939EF0115C}.Release|x64.Build.0 = Release|x64
		{8DEE2B49-4E41-49D0-85ED-49939EF0115C}.Release|x86.ActiveCfg = Release|Win32
		{8DEE2B49-4E41-49D0-85ED-49939EF0115C}.Release|x86.Build.0 = Release|Win32
		{46AFC118-29C7-4F35-84D5-78E945B8534F}.Debug|Any CPU.ActiveCfg = Debug|Any CPU
		{46AFC118-29C7-4F35-84D5-78E945B8534F}.Debug|Any CPU.Build.0 = Debug|Any CPU
		{46AFC118-29C7-4F35-84D5-78E945B8534F}.Debug|x64.ActiveCfg = Debug|Any CPU
		{46AFC118-29C7-4F35-84D5-78E945B8534F}.Debug|x64.Build.0 = Debug|Any CPU
		{46AFC118-29C7-4F35-84D5-78E945B8534F}.Debug|x86.ActiveCfg = Debug|Any CPU
		{46AFC118-29C7-4F35-84D5-78E945B8534F}.Debug|x86.Build.0 = Debug|Any CPU
		{46AFC118-29C7-4F35-84D5-78E945B8534F}.Release|Any CPU.ActiveCfg = Release|Any CPU
		{46AFC118-29C7-4F35-84D5-78E945B8534F}.Release|Any CPU.Build.0 = Release|Any CPU
		{46AFC118-29C7-4F35-84D5-78E945B8534F}.Release|x64.ActiveCfg = Release|Any CPU
		{46AFC118-29C7-4F35-84D5-78E945B8534F}.Release|x64.Build.0 = Release|Any CPU
		{46AFC118-29C7-4F35-84D5-78E945B8534F}.Release|x86.ActiveCfg = Release|Any CPU
		{46AFC118-29C7-4F35-84D5-78E945B8534F}.Release|x86.Build.0 = Release|Any CPU
		{B17A5D7E-E928-499C-B84C-2AF351378B48}.Debug|Any CPU.ActiveCfg = Debug|Any CPU
		{B17A5D7E-E928-499C-B84C-2AF351378B48}.Debug|Any CPU.Build.0 = Debug|Any CPU
		{B17A5D7E-E928-499C-B84C-2AF351378B48}.Debug|x64.ActiveCfg = Debug|Any CPU
		{B17A5D7E-E928-499C-B84C-2AF351378B48}.Debug|x64.Build.0 = Debug|Any CPU
		{B17A5D7E-E928-499C-B84C-2AF351378B48}.Debug|x86.ActiveCfg = Debug|Any CPU
		{B17A5D7E-E928-499C-B84C-2AF351378B48}.Debug|x86.Build.0 = Debug|Any CPU
		{B17A5D7E-E928-499C-B84C-2AF351378B48}.Release|Any CPU.ActiveCfg = Release|Any CPU
		{B17A5D7E-E928-499C-B84C-2AF351378B48}.Release|Any CPU.Build.0 = Release|Any CPU
		{B17A5D7E-E928-499C-B84C-2AF351378B48}.Release|x64.ActiveCfg = Release|Any CPU
		{B17A5D7E-E928-499C-B84C-2AF351378B48}.Release|x64.Build.0 = Release|Any CPU
		{B17A5D7E-E928-499C-B84C-2AF351378B48}.Release|x86.ActiveCfg = Release|Any CPU
		{B17A5D7E-E928-499C-B84C-2AF351378B48}.Release|x86.Build.0 = Release|Any CPU
		{309E7F80-D918-4D0A-9884-F3B03230C9E0}.Debug|Any CPU.ActiveCfg = Debug|Any CPU
		{309E7F80-D918-4D0A-9884-F3B03230C9E0}.Debug|Any CPU.Build.0 = Debug|Any CPU
		{309E7F80-D918-4D0A-9884-F3B03230C9E0}.Debug|x64.ActiveCfg = Debug|Any CPU
		{309E7F80-D918-4D0A-9884-F3B03230C9E0}.Debug|x64.Build.0 = Debug|Any CPU
		{309E7F80-D918-4D0A-9884-F3B03230C9E0}.Debug|x86.ActiveCfg = Debug|Any CPU
		{309E7F80-D918-4D0A-9884-F3B03230C9E0}.Debug|x86.Build.0 = Debug|Any CPU
		{309E7F80-D918-4D0A-9884-F3B03230C9E0}.Release|Any CPU.ActiveCfg = Release|Any CPU
		{309E7F80-D918-4D0A-9884-F3B03230C9E0}.Release|Any CPU.Build.0 = Release|Any CPU
		{309E7F80-D918-4D0A-9884-F3B03230C9E0}.Release|x64.ActiveCfg = Release|Any CPU
		{309E7F80-D918-4D0A-9884-F3B03230C9E0}.Release|x64.Build.0 = Release|Any CPU
		{309E7F80-D918-4D0A-9884-F3B03230C9E0}.Release|x86.ActiveCfg = Release|Any CPU
		{309E7F80-D918-4D0A-9884-F3B03230C9E0}.Release|x86.Build.0 = Release|Any CPU
		{82F7D91E-6733-4FA8-A29C-06BF6F747ABF}.Debug|Any CPU.ActiveCfg = Debug|Any CPU
		{82F7D91E-6733-4FA8-A29C-06BF6F747ABF}.Debug|Any CPU.Build.0 = Debug|Any CPU
		{82F7D91E-6733-4FA8-A29C-06BF6F747ABF}.Debug|x64.ActiveCfg = Debug|Any CPU
		{82F7D91E-6733-4FA8-A29C-06BF6F747ABF}.Debug|x64.Build.0 = Debug|Any CPU
		{82F7D91E-6733-4FA8-A29C-06BF6F747ABF}.Debug|x86.ActiveCfg = Debug|Any CPU
		{82F7D91E-6733-4FA8-A29C-06BF6F747ABF}.Debug|x86.Build.0 = Debug|Any CPU
		{82F7D91E-6733-4FA8-A29C-06BF6F747ABF}.Release|Any CPU.ActiveCfg = Release|Any CPU
		{82F7D91E-6733-4FA8-A29C-06BF6F747ABF}.Release|Any CPU.Build.0 = Release|Any CPU
		{82F7D91E-6733-4FA8-A29C-06BF6F747ABF}.Release|x64.ActiveCfg = Release|Any CPU
		{82F7D91E-6733-4FA8-A29C-06BF6F747ABF}.Release|x64.Build.0 = Release|Any CPU
		{82F7D91E-6733-4FA8-A29C-06BF6F747ABF}.Release|x86.ActiveCfg = Release|Any CPU
		{82F7D91E-6733-4FA8-A29C-06BF6F747ABF}.Release|x86.Build.0 = Release|Any CPU
		{13C46B2C-4B4D-429F-AD24-F0F3D65C44D7}.Debug|Any CPU.ActiveCfg = Debug|Any CPU
		{13C46B2C-4B4D-429F-AD24-F0F3D65C44D7}.Debug|Any CPU.Build.0 = Debug|Any CPU
		{13C46B2C-4B4D-429F-AD24-F0F3D65C44D7}.Debug|x64.ActiveCfg = Debug|Any CPU
		{13C46B2C-4B4D-429F-AD24-F0F3D65C44D7}.Debug|x64.Build.0 = Debug|Any CPU
		{13C46B2C-4B4D-429F-AD24-F0F3D65C44D7}.Debug|x86.ActiveCfg = Debug|Any CPU
		{13C46B2C-4B4D-429F-AD24-F0F3D65C44D7}.Debug|x86.Build.0 = Debug|Any CPU
		{13C46B2C-4B4D-429F-AD24-F0F3D65C44D7}.Release|Any CPU.ActiveCfg = Release|Any CPU
		{13C46B2C-4B4D-429F-AD24-F0F3D65C44D7}.Release|Any CPU.Build.0 = Release|Any CPU
		{13C46B2C-4B4D-429F-AD24-F0F3D65C44D7}.Release|x64.ActiveCfg = Release|Any CPU
		{13C46B2C-4B4D-429F-AD24-F0F3D65C44D7}.Release|x64.Build.0 = Release|Any CPU
		{13C46B2C-4B4D-429F-AD24-F0F3D65C44D7}.Release|x86.ActiveCfg = Release|Any CPU
		{13C46B2C-4B4D-429F-AD24-F0F3D65C44D7}.Release|x86.Build.0 = Release|Any CPU
		{E60103D1-3012-4202-A3DF-2F4F2C47FD07}.Debug|Any CPU.ActiveCfg = Debug|Any CPU
		{E60103D1-3012-4202-A3DF-2F4F2C47FD07}.Debug|Any CPU.Build.0 = Debug|Any CPU
		{E60103D1-3012-4202-A3DF-2F4F2C47FD07}.Debug|x64.ActiveCfg = Debug|Any CPU
		{E60103D1-3012-4202-A3DF-2F4F2C47FD07}.Debug|x64.Build.0 = Debug|Any CPU
		{E60103D1-3012-4202-A3DF-2F4F2C47FD07}.Debug|x86.ActiveCfg = Debug|Any CPU
		{E60103D1-3012-4202-A3DF-2F4F2C47FD07}.Debug|x86.Build.0 = Debug|Any CPU
		{E60103D1-3012-4202-A3DF-2F4F2C47FD07}.Release|Any CPU.ActiveCfg = Release|Any CPU
		{E60103D1-3012-4202-A3DF-2F4F2C47FD07}.Release|Any CPU.Build.0 = Release|Any CPU
		{E60103D1-3012-4202-A3DF-2F4F2C47FD07}.Release|x64.ActiveCfg = Release|Any CPU
		{E60103D1-3012-4202-A3DF-2F4F2C47FD07}.Release|x64.Build.0 = Release|Any CPU
		{E60103D1-3012-4202-A3DF-2F4F2C47FD07}.Release|x86.ActiveCfg = Release|Any CPU
		{E60103D1-3012-4202-A3DF-2F4F2C47FD07}.Release|x86.Build.0 = Release|Any CPU
		{59B236CE-041C-46D6-88A6-9AAE7A7D9F27}.Debug|Any CPU.ActiveCfg = Debug|Any CPU
		{59B236CE-041C-46D6-88A6-9AAE7A7D9F27}.Debug|Any CPU.Build.0 = Debug|Any CPU
		{59B236CE-041C-46D6-88A6-9AAE7A7D9F27}.Debug|x64.ActiveCfg = Debug|Any CPU
		{59B236CE-041C-46D6-88A6-9AAE7A7D9F27}.Debug|x64.Build.0 = Debug|Any CPU
		{59B236CE-041C-46D6-88A6-9AAE7A7D9F27}.Debug|x86.ActiveCfg = Debug|Any CPU
		{59B236CE-041C-46D6-88A6-9AAE7A7D9F27}.Debug|x86.Build.0 = Debug|Any CPU
		{59B236CE-041C-46D6-88A6-9AAE7A7D9F27}.Release|Any CPU.ActiveCfg = Release|Any CPU
		{59B236CE-041C-46D6-88A6-9AAE7A7D9F27}.Release|Any CPU.Build.0 = Release|Any CPU
		{59B236CE-041C-46D6-88A6-9AAE7A7D9F27}.Release|x64.ActiveCfg = Release|Any CPU
		{59B236CE-041C-46D6-88A6-9AAE7A7D9F27}.Release|x64.Build.0 = Release|Any CPU
		{59B236CE-041C-46D6-88A6-9AAE7A7D9F27}.Release|x86.ActiveCfg = Release|Any CPU
		{59B236CE-041C-46D6-88A6-9AAE7A7D9F27}.Release|x86.Build.0 = Release|Any CPU
		{D5CBB194-1276-41F8-A2CE-9BF8590E794D}.Debug|Any CPU.ActiveCfg = Debug|Any CPU
		{D5CBB194-1276-41F8-A2CE-9BF8590E794D}.Debug|Any CPU.Build.0 = Debug|Any CPU
		{D5CBB194-1276-41F8-A2CE-9BF8590E794D}.Debug|x64.ActiveCfg = Debug|Any CPU
		{D5CBB194-1276-41F8-A2CE-9BF8590E794D}.Debug|x64.Build.0 = Debug|Any CPU
		{D5CBB194-1276-41F8-A2CE-9BF8590E794D}.Debug|x86.ActiveCfg = Debug|Any CPU
		{D5CBB194-1276-41F8-A2CE-9BF8590E794D}.Debug|x86.Build.0 = Debug|Any CPU
		{D5CBB194-1276-41F8-A2CE-9BF8590E794D}.Release|Any CPU.ActiveCfg = Release|Any CPU
		{D5CBB194-1276-41F8-A2CE-9BF8590E794D}.Release|Any CPU.Build.0 = Release|Any CPU
		{D5CBB194-1276-41F8-A2CE-9BF8590E794D}.Release|x64.ActiveCfg = Release|Any CPU
		{D5CBB194-1276-41F8-A2CE-9BF8590E794D}.Release|x64.Build.0 = Release|Any CPU
		{D5CBB194-1276-41F8-A2CE-9BF8590E794D}.Release|x86.ActiveCfg = Release|Any CPU
		{D5CBB194-1276-41F8-A2CE-9BF8590E794D}.Release|x86.Build.0 = Release|Any CPU
		{CF997DB1-FB29-4054-9F5F-C3CB1B986FDE}.Debug|Any CPU.ActiveCfg = Debug|Any CPU
		{CF997DB1-FB29-4054-9F5F-C3CB1B986FDE}.Debug|Any CPU.Build.0 = Debug|Any CPU
		{CF997DB1-FB29-4054-9F5F-C3CB1B986FDE}.Debug|x64.ActiveCfg = Debug|Any CPU
		{CF997DB1-FB29-4054-9F5F-C3CB1B986FDE}.Debug|x64.Build.0 = Debug|Any CPU
		{CF997DB1-FB29-4054-9F5F-C3CB1B986FDE}.Debug|x86.ActiveCfg = Debug|Any CPU
		{CF997DB1-FB29-4054-9F5F-C3CB1B986FDE}.Debug|x86.Build.0 = Debug|Any CPU
		{CF997DB1-FB29-4054-9F5F-C3CB1B986FDE}.Release|Any CPU.ActiveCfg = Release|Any CPU
		{CF997DB1-FB29-4054-9F5F-C3CB1B986FDE}.Release|Any CPU.Build.0 = Release|Any CPU
		{CF997DB1-FB29-4054-9F5F-C3CB1B986FDE}.Release|x64.ActiveCfg = Release|Any CPU
		{CF997DB1-FB29-4054-9F5F-C3CB1B986FDE}.Release|x64.Build.0 = Release|Any CPU
		{CF997DB1-FB29-4054-9F5F-C3CB1B986FDE}.Release|x86.ActiveCfg = Release|Any CPU
		{CF997DB1-FB29-4054-9F5F-C3CB1B986FDE}.Release|x86.Build.0 = Release|Any CPU
		{2ED8A83D-3B75-4A53-9E94-BAC59BC83492}.Debug|Any CPU.ActiveCfg = Debug|Any CPU
		{2ED8A83D-3B75-4A53-9E94-BAC59BC83492}.Debug|Any CPU.Build.0 = Debug|Any CPU
		{2ED8A83D-3B75-4A53-9E94-BAC59BC83492}.Debug|x64.ActiveCfg = Debug|Any CPU
		{2ED8A83D-3B75-4A53-9E94-BAC59BC83492}.Debug|x64.Build.0 = Debug|Any CPU
		{2ED8A83D-3B75-4A53-9E94-BAC59BC83492}.Debug|x86.ActiveCfg = Debug|Any CPU
		{2ED8A83D-3B75-4A53-9E94-BAC59BC83492}.Debug|x86.Build.0 = Debug|Any CPU
		{2ED8A83D-3B75-4A53-9E94-BAC59BC83492}.Release|Any CPU.ActiveCfg = Release|Any CPU
		{2ED8A83D-3B75-4A53-9E94-BAC59BC83492}.Release|Any CPU.Build.0 = Release|Any CPU
		{2ED8A83D-3B75-4A53-9E94-BAC59BC83492}.Release|x64.ActiveCfg = Release|Any CPU
		{2ED8A83D-3B75-4A53-9E94-BAC59BC83492}.Release|x64.Build.0 = Release|Any CPU
		{2ED8A83D-3B75-4A53-9E94-BAC59BC83492}.Release|x86.ActiveCfg = Release|Any CPU
		{2ED8A83D-3B75-4A53-9E94-BAC59BC83492}.Release|x86.Build.0 = Release|Any CPU
		{540A044F-C7D2-48AC-B0DA-78518DFE636A}.Debug|Any CPU.ActiveCfg = Debug|Any CPU
		{540A044F-C7D2-48AC-B0DA-78518DFE636A}.Debug|Any CPU.Build.0 = Debug|Any CPU
		{540A044F-C7D2-48AC-B0DA-78518DFE636A}.Debug|x64.ActiveCfg = Debug|Any CPU
		{540A044F-C7D2-48AC-B0DA-78518DFE636A}.Debug|x64.Build.0 = Debug|Any CPU
		{540A044F-C7D2-48AC-B0DA-78518DFE636A}.Debug|x86.ActiveCfg = Debug|Any CPU
		{540A044F-C7D2-48AC-B0DA-78518DFE636A}.Debug|x86.Build.0 = Debug|Any CPU
		{540A044F-C7D2-48AC-B0DA-78518DFE636A}.Release|Any CPU.ActiveCfg = Release|Any CPU
		{540A044F-C7D2-48AC-B0DA-78518DFE636A}.Release|Any CPU.Build.0 = Release|Any CPU
		{540A044F-C7D2-48AC-B0DA-78518DFE636A}.Release|x64.ActiveCfg = Release|Any CPU
		{540A044F-C7D2-48AC-B0DA-78518DFE636A}.Release|x64.Build.0 = Release|Any CPU
		{540A044F-C7D2-48AC-B0DA-78518DFE636A}.Release|x86.ActiveCfg = Release|Any CPU
		{540A044F-C7D2-48AC-B0DA-78518DFE636A}.Release|x86.Build.0 = Release|Any CPU
		{3195DDEC-3CDE-401F-B8A1-3319166FB88A}.Debug|Any CPU.ActiveCfg = Debug|Any CPU
		{3195DDEC-3CDE-401F-B8A1-3319166FB88A}.Debug|Any CPU.Build.0 = Debug|Any CPU
		{3195DDEC-3CDE-401F-B8A1-3319166FB88A}.Debug|x64.ActiveCfg = Debug|Any CPU
		{3195DDEC-3CDE-401F-B8A1-3319166FB88A}.Debug|x64.Build.0 = Debug|Any CPU
		{3195DDEC-3CDE-401F-B8A1-3319166FB88A}.Debug|x86.ActiveCfg = Debug|Any CPU
		{3195DDEC-3CDE-401F-B8A1-3319166FB88A}.Debug|x86.Build.0 = Debug|Any CPU
		{3195DDEC-3CDE-401F-B8A1-3319166FB88A}.Release|Any CPU.ActiveCfg = Release|Any CPU
		{3195DDEC-3CDE-401F-B8A1-3319166FB88A}.Release|Any CPU.Build.0 = Release|Any CPU
		{3195DDEC-3CDE-401F-B8A1-3319166FB88A}.Release|x64.ActiveCfg = Release|Any CPU
		{3195DDEC-3CDE-401F-B8A1-3319166FB88A}.Release|x64.Build.0 = Release|Any CPU
		{3195DDEC-3CDE-401F-B8A1-3319166FB88A}.Release|x86.ActiveCfg = Release|Any CPU
		{3195DDEC-3CDE-401F-B8A1-3319166FB88A}.Release|x86.Build.0 = Release|Any CPU
		{C599DEF4-7471-4EB3-A1C8-DE3CB87D574B}.Debug|Any CPU.ActiveCfg = Debug|Any CPU
		{C599DEF4-7471-4EB3-A1C8-DE3CB87D574B}.Debug|Any CPU.Build.0 = Debug|Any CPU
		{C599DEF4-7471-4EB3-A1C8-DE3CB87D574B}.Debug|x64.ActiveCfg = Debug|Any CPU
		{C599DEF4-7471-4EB3-A1C8-DE3CB87D574B}.Debug|x64.Build.0 = Debug|Any CPU
		{C599DEF4-7471-4EB3-A1C8-DE3CB87D574B}.Debug|x86.ActiveCfg = Debug|Any CPU
		{C599DEF4-7471-4EB3-A1C8-DE3CB87D574B}.Debug|x86.Build.0 = Debug|Any CPU
		{C599DEF4-7471-4EB3-A1C8-DE3CB87D574B}.Release|Any CPU.ActiveCfg = Release|Any CPU
		{C599DEF4-7471-4EB3-A1C8-DE3CB87D574B}.Release|Any CPU.Build.0 = Release|Any CPU
		{C599DEF4-7471-4EB3-A1C8-DE3CB87D574B}.Release|x64.ActiveCfg = Release|Any CPU
		{C599DEF4-7471-4EB3-A1C8-DE3CB87D574B}.Release|x64.Build.0 = Release|Any CPU
		{C599DEF4-7471-4EB3-A1C8-DE3CB87D574B}.Release|x86.ActiveCfg = Release|Any CPU
		{C599DEF4-7471-4EB3-A1C8-DE3CB87D574B}.Release|x86.Build.0 = Release|Any CPU
		{39BD0594-8A59-422F-94E1-39912CC747C7}.Debug|Any CPU.ActiveCfg = Debug|Any CPU
		{39BD0594-8A59-422F-94E1-39912CC747C7}.Debug|Any CPU.Build.0 = Debug|Any CPU
		{39BD0594-8A59-422F-94E1-39912CC747C7}.Debug|x64.ActiveCfg = Debug|Any CPU
		{39BD0594-8A59-422F-94E1-39912CC747C7}.Debug|x64.Build.0 = Debug|Any CPU
		{39BD0594-8A59-422F-94E1-39912CC747C7}.Debug|x86.ActiveCfg = Debug|Any CPU
		{39BD0594-8A59-422F-94E1-39912CC747C7}.Debug|x86.Build.0 = Debug|Any CPU
		{39BD0594-8A59-422F-94E1-39912CC747C7}.Release|Any CPU.ActiveCfg = Release|Any CPU
		{39BD0594-8A59-422F-94E1-39912CC747C7}.Release|Any CPU.Build.0 = Release|Any CPU
		{39BD0594-8A59-422F-94E1-39912CC747C7}.Release|x64.ActiveCfg = Release|Any CPU
		{39BD0594-8A59-422F-94E1-39912CC747C7}.Release|x64.Build.0 = Release|Any CPU
		{39BD0594-8A59-422F-94E1-39912CC747C7}.Release|x86.ActiveCfg = Release|Any CPU
		{39BD0594-8A59-422F-94E1-39912CC747C7}.Release|x86.Build.0 = Release|Any CPU
		{70C93E37-EE87-4512-8213-3B91A5311339}.Debug|Any CPU.ActiveCfg = Debug|Any CPU
		{70C93E37-EE87-4512-8213-3B91A5311339}.Debug|Any CPU.Build.0 = Debug|Any CPU
		{70C93E37-EE87-4512-8213-3B91A5311339}.Debug|x64.ActiveCfg = Debug|Any CPU
		{70C93E37-EE87-4512-8213-3B91A5311339}.Debug|x64.Build.0 = Debug|Any CPU
		{70C93E37-EE87-4512-8213-3B91A5311339}.Debug|x86.ActiveCfg = Debug|Any CPU
		{70C93E37-EE87-4512-8213-3B91A5311339}.Debug|x86.Build.0 = Debug|Any CPU
		{70C93E37-EE87-4512-8213-3B91A5311339}.Release|Any CPU.ActiveCfg = Release|Any CPU
		{70C93E37-EE87-4512-8213-3B91A5311339}.Release|Any CPU.Build.0 = Release|Any CPU
		{70C93E37-EE87-4512-8213-3B91A5311339}.Release|x64.ActiveCfg = Release|Any CPU
		{70C93E37-EE87-4512-8213-3B91A5311339}.Release|x64.Build.0 = Release|Any CPU
		{70C93E37-EE87-4512-8213-3B91A5311339}.Release|x86.ActiveCfg = Release|Any CPU
		{70C93E37-EE87-4512-8213-3B91A5311339}.Release|x86.Build.0 = Release|Any CPU
		{20FBA267-FF9A-4599-B123-CEA8FE8BC0B5}.Debug|Any CPU.ActiveCfg = Debug|Any CPU
		{20FBA267-FF9A-4599-B123-CEA8FE8BC0B5}.Debug|Any CPU.Build.0 = Debug|Any CPU
		{20FBA267-FF9A-4599-B123-CEA8FE8BC0B5}.Debug|x64.ActiveCfg = Debug|Any CPU
		{20FBA267-FF9A-4599-B123-CEA8FE8BC0B5}.Debug|x64.Build.0 = Debug|Any CPU
		{20FBA267-FF9A-4599-B123-CEA8FE8BC0B5}.Debug|x86.ActiveCfg = Debug|Any CPU
		{20FBA267-FF9A-4599-B123-CEA8FE8BC0B5}.Debug|x86.Build.0 = Debug|Any CPU
		{20FBA267-FF9A-4599-B123-CEA8FE8BC0B5}.Release|Any CPU.ActiveCfg = Release|Any CPU
		{20FBA267-FF9A-4599-B123-CEA8FE8BC0B5}.Release|Any CPU.Build.0 = Release|Any CPU
		{20FBA267-FF9A-4599-B123-CEA8FE8BC0B5}.Release|x64.ActiveCfg = Release|Any CPU
		{20FBA267-FF9A-4599-B123-CEA8FE8BC0B5}.Release|x64.Build.0 = Release|Any CPU
		{20FBA267-FF9A-4599-B123-CEA8FE8BC0B5}.Release|x86.ActiveCfg = Release|Any CPU
		{20FBA267-FF9A-4599-B123-CEA8FE8BC0B5}.Release|x86.Build.0 = Release|Any CPU
		{5BD7E626-0398-420F-B119-B13CA1C364EE}.Debug|Any CPU.ActiveCfg = Debug|Any CPU
		{5BD7E626-0398-420F-B119-B13CA1C364EE}.Debug|Any CPU.Build.0 = Debug|Any CPU
		{5BD7E626-0398-420F-B119-B13CA1C364EE}.Debug|x64.ActiveCfg = Debug|Any CPU
		{5BD7E626-0398-420F-B119-B13CA1C364EE}.Debug|x64.Build.0 = Debug|Any CPU
		{5BD7E626-0398-420F-B119-B13CA1C364EE}.Debug|x86.ActiveCfg = Debug|Any CPU
		{5BD7E626-0398-420F-B119-B13CA1C364EE}.Debug|x86.Build.0 = Debug|Any CPU
		{5BD7E626-0398-420F-B119-B13CA1C364EE}.Release|Any CPU.ActiveCfg = Release|Any CPU
		{5BD7E626-0398-420F-B119-B13CA1C364EE}.Release|Any CPU.Build.0 = Release|Any CPU
		{5BD7E626-0398-420F-B119-B13CA1C364EE}.Release|x64.ActiveCfg = Release|Any CPU
		{5BD7E626-0398-420F-B119-B13CA1C364EE}.Release|x64.Build.0 = Release|Any CPU
		{5BD7E626-0398-420F-B119-B13CA1C364EE}.Release|x86.ActiveCfg = Release|Any CPU
		{5BD7E626-0398-420F-B119-B13CA1C364EE}.Release|x86.Build.0 = Release|Any CPU
		{3A506AA6-3254-4011-B019-57591F7A9675}.Debug|Any CPU.ActiveCfg = Debug|Any CPU
		{3A506AA6-3254-4011-B019-57591F7A9675}.Debug|Any CPU.Build.0 = Debug|Any CPU
		{3A506AA6-3254-4011-B019-57591F7A9675}.Debug|x64.ActiveCfg = Debug|Any CPU
		{3A506AA6-3254-4011-B019-57591F7A9675}.Debug|x64.Build.0 = Debug|Any CPU
		{3A506AA6-3254-4011-B019-57591F7A9675}.Debug|x86.ActiveCfg = Debug|Any CPU
		{3A506AA6-3254-4011-B019-57591F7A9675}.Debug|x86.Build.0 = Debug|Any CPU
		{3A506AA6-3254-4011-B019-57591F7A9675}.Release|Any CPU.ActiveCfg = Release|Any CPU
		{3A506AA6-3254-4011-B019-57591F7A9675}.Release|Any CPU.Build.0 = Release|Any CPU
		{3A506AA6-3254-4011-B019-57591F7A9675}.Release|x64.ActiveCfg = Release|Any CPU
		{3A506AA6-3254-4011-B019-57591F7A9675}.Release|x64.Build.0 = Release|Any CPU
		{3A506AA6-3254-4011-B019-57591F7A9675}.Release|x86.ActiveCfg = Release|Any CPU
		{3A506AA6-3254-4011-B019-57591F7A9675}.Release|x86.Build.0 = Release|Any CPU
		{9394E276-8300-42C1-885C-A5C011E4FB18}.Debug|Any CPU.ActiveCfg = Debug|Any CPU
		{9394E276-8300-42C1-885C-A5C011E4FB18}.Debug|Any CPU.Build.0 = Debug|Any CPU
		{9394E276-8300-42C1-885C-A5C011E4FB18}.Debug|x64.ActiveCfg = Debug|Any CPU
		{9394E276-8300-42C1-885C-A5C011E4FB18}.Debug|x64.Build.0 = Debug|Any CPU
		{9394E276-8300-42C1-885C-A5C011E4FB18}.Debug|x86.ActiveCfg = Debug|Any CPU
		{9394E276-8300-42C1-885C-A5C011E4FB18}.Debug|x86.Build.0 = Debug|Any CPU
		{9394E276-8300-42C1-885C-A5C011E4FB18}.Release|Any CPU.ActiveCfg = Release|Any CPU
		{9394E276-8300-42C1-885C-A5C011E4FB18}.Release|Any CPU.Build.0 = Release|Any CPU
		{9394E276-8300-42C1-885C-A5C011E4FB18}.Release|x64.ActiveCfg = Release|Any CPU
		{9394E276-8300-42C1-885C-A5C011E4FB18}.Release|x64.Build.0 = Release|Any CPU
		{9394E276-8300-42C1-885C-A5C011E4FB18}.Release|x86.ActiveCfg = Release|Any CPU
		{9394E276-8300-42C1-885C-A5C011E4FB18}.Release|x86.Build.0 = Release|Any CPU
		{07D70DF6-511B-4B5A-8DB4-4E666A9D8E8F}.Debug|Any CPU.ActiveCfg = Debug|Any CPU
		{07D70DF6-511B-4B5A-8DB4-4E666A9D8E8F}.Debug|Any CPU.Build.0 = Debug|Any CPU
		{07D70DF6-511B-4B5A-8DB4-4E666A9D8E8F}.Debug|x64.ActiveCfg = Debug|Any CPU
		{07D70DF6-511B-4B5A-8DB4-4E666A9D8E8F}.Debug|x64.Build.0 = Debug|Any CPU
		{07D70DF6-511B-4B5A-8DB4-4E666A9D8E8F}.Debug|x86.ActiveCfg = Debug|Any CPU
		{07D70DF6-511B-4B5A-8DB4-4E666A9D8E8F}.Debug|x86.Build.0 = Debug|Any CPU
		{07D70DF6-511B-4B5A-8DB4-4E666A9D8E8F}.Release|Any CPU.ActiveCfg = Release|Any CPU
		{07D70DF6-511B-4B5A-8DB4-4E666A9D8E8F}.Release|Any CPU.Build.0 = Release|Any CPU
		{07D70DF6-511B-4B5A-8DB4-4E666A9D8E8F}.Release|x64.ActiveCfg = Release|Any CPU
		{07D70DF6-511B-4B5A-8DB4-4E666A9D8E8F}.Release|x64.Build.0 = Release|Any CPU
		{07D70DF6-511B-4B5A-8DB4-4E666A9D8E8F}.Release|x86.ActiveCfg = Release|Any CPU
		{07D70DF6-511B-4B5A-8DB4-4E666A9D8E8F}.Release|x86.Build.0 = Release|Any CPU
	EndGlobalSection
	GlobalSection(SolutionProperties) = preSolution
		HideSolutionNode = FALSE
	EndGlobalSection
EndGlobal
